
Microsoft Visual Studio Solution File, Format Version 12.00
# Visual Studio Version 16
VisualStudioVersion = 16.0.32002.261
MinimumVisualStudioVersion = 10.0.40219.1
Project("{FAE04EC0-301F-11D3-BF4B-00C04F79EFBC}") = "DependencyInversionPrinciple", "DependencyInversionPrinciple\DependencyInversionPrinciple.csproj", "{5AB6BE26-3358-4E8F-BC2E-9E48F7051EB6}"
EndProject
Global
	GlobalSection(SolutionConfigurationPlatforms) = preSolution
		Debug|Any CPU = Debug|Any CPU
		Release|Any CPU = Release|Any CPU
	EndGlobalSection
	GlobalSection(ProjectConfigurationPlatforms) = postSolution
		{5AB6BE26-3358-4E8F-BC2E-9E48F7051EB6}.Debug|Any CPU.ActiveCfg = Debug|Any CPU
		{5AB6BE26-3358-4E8F-BC2E-9E48F7051EB6}.Debug|Any CPU.Build.0 = Debug|Any CPU
		{5AB6BE26-3358-4E8F-BC2E-9E48F7051EB6}.Release|Any CPU.ActiveCfg = Release|Any CPU
		{5AB6BE26-3358-4E8F-BC2E-9E48F7051EB6}.Release|Any CPU.Build.0 = Release|Any CPU
	EndGlobalSection
	GlobalSection(SolutionProperties) = preSolution
		HideSolutionNode = FALSE
	EndGlobalSection
	GlobalSection(ExtensibilityGlobals) = postSolution
		SolutionGuid = {5070D895-5872-4132-A77F-5D2D1636CC44}
	EndGlobalSection
EndGlobal
